{
  "name": "autonomous-coding-workflow-library",
  "version": "0.1.0",
  "lockfileVersion": 3,
  "requires": true,
  "packages": {
    "": {
      "name": "autonomous-coding-workflow-library",
      "version": "0.1.0",
      "license": "MIT",
      "bin": {
        "coding-workflow": "bin/coding-workflow.js"
      }
    }
  }
}
